<Solution>
  <Configurations>
    <Platform Name="ARM" />
    <Platform Name="ARM64" />
    <Platform Name="x64" />
    <Platform Name="x86" />
  </Configurations>
  <Project Path="memorypool_for_cJSON/memorypool_for_cJSON.vcxproj" Id="62be4ca8-3a0f-46f3-a772-37c2ae5d11c1">
    <Platform Solution="*|x86" Project="x86" />
    <Deploy />
  </Project>
</Solution>
